
Microsoft Visual Studio Solution File, Format Version 12.00
# Visual Studio Version 17
VisualStudioVersion = 17.12.35707.178
MinimumVisualStudioVersion = 10.0.40219.1
Project("{FAE04EC0-301F-11D3-BF4B-00C04F79EFBC}") = "DevJobsAPI", "src\DevJobsAPI\DevJobsAPI.csproj", "{FDAD50A2-0229-4C93-BADF-5F6390489717}"
EndProject
Project("{FAE04EC0-301F-11D3-BF4B-00C04F79EFBC}") = "DevJobsAPI.Tests", "tests\DevJobsAPI.Tests\DevJobsAPI.Tests.csproj", "{ECD45BF8-FD43-430E-8E76-54E2518BFEA6}"
EndProject
Global
	GlobalSection(SolutionConfigurationPlatforms) = preSolution
		Debug|Any CPU = Debug|Any CPU
		Release|Any CPU = Release|Any CPU
	EndGlobalSection
	GlobalSection(ProjectConfigurationPlatforms) = postSolution
		{FDAD50A2-0229-4C93-BADF-5F6390489717}.Debug|Any CPU.ActiveCfg = Debug|Any CPU
		{FDAD50A2-0229-4C93-BADF-5F6390489717}.Debug|Any CPU.Build.0 = Debug|Any CPU
		{FDAD50A2-0229-4C93-BADF-5F6390489717}.Release|Any CPU.ActiveCfg = Release|Any CPU
		{FDAD50A2-0229-4C93-BADF-5F6390489717}.Release|Any CPU.Build.0 = Release|Any CPU
		{ECD45BF8-FD43-430E-8E76-54E2518BFEA6}.Debug|Any CPU.ActiveCfg = Debug|Any CPU
		{ECD45BF8-FD43-430E-8E76-54E2518BFEA6}.Debug|Any CPU.Build.0 = Debug|Any CPU
		{ECD45BF8-FD43-430E-8E76-54E2518BFEA6}.Release|Any CPU.ActiveCfg = Release|Any CPU
		{ECD45BF8-FD43-430E-8E76-54E2518BFEA6}.Release|Any CPU.Build.0 = Release|Any CPU
	EndGlobalSection
	GlobalSection(SolutionProperties) = preSolution
		HideSolutionNode = FALSE
	EndGlobalSection
EndGlobal
